Microsoft Visual Studio Solution File, Format Version 12.00
# Visual Studio Version 16
VisualStudioVersion = 16.0.31321.278
MinimumVisualStudioVersion = 10.0.40219.1
Project("{9A19103F-16F7-4668-BE54-9A1E7A4F7556}") = "FlyTestPuzzle", "src\FlyTestPuzzle.csproj", "{33A55457-832D-4415-A422-E5097EEC0765}"
EndProject
Project("{9A19103F-16F7-4668-BE54-9A1E7A4F7556}") = "tests", "tests\tests.csproj", "{11AFAEE4-79A5-4B9C-ABF5-431AC5F2A727}"
EndProject
Global
	GlobalSection(SolutionConfigurationPlatforms) = preSolution
		Debug|Any CPU = Debug|Any CPU
		Release|Any CPU = Release|Any CPU
	EndGlobalSection
	GlobalSection(ProjectConfigurationPlatforms) = postSolution
		{33A55457-832D-4415-A422-E5097EEC0765}.Debug|Any CPU.ActiveCfg = Debug|Any CPU
		{33A55457-832D-4415-A422-E5097EEC0765}.Debug|Any CPU.Build.0 = Debug|Any CPU
		{33A55457-832D-4415-A422-E5097EEC0765}.Release|Any CPU.ActiveCfg = Release|Any CPU
		{33A55457-832D-4415-A422-E5097EEC0765}.Release|Any CPU.Build.0 = Release|Any CPU
		{11AFAEE4-79A5-4B9C-ABF5-431AC5F2A727}.Debug|Any CPU.ActiveCfg = Debug|Any CPU
		{11AFAEE4-79A5-4B9C-ABF5-431AC5F2A727}.Debug|Any CPU.Build.0 = Debug|Any CPU
		{11AFAEE4-79A5-4B9C-ABF5-431AC5F2A727}.Release|Any CPU.ActiveCfg = Release|Any CPU
		{11AFAEE4-79A5-4B9C-ABF5-431AC5F2A727}.Release|Any CPU.Build.0 = Release|Any CPU
	EndGlobalSection
	GlobalSection(SolutionProperties) = preSolution
		HideSolutionNode = FALSE
	EndGlobalSection
	GlobalSection(ExtensibilityGlobals) = postSolution
		SolutionGuid = {C3BF3442-9F0C-4D36-A5A2-80E0DBA7E27B}
	EndGlobalSection
EndGlobal
